{
  "object": {
    "pins": [
      {
        "package": "Gzip",
        "repositoryURL": "https://github.com/sendbird/GzipSwift",
        "state": {
          "branch": "6ade77a",
          "revision": "6ade77a2d5aa6407e4f4f6d3de6b665544498ec2",
          "version": null
        }
      },
      {
        "package": "Starscream",
        "repositoryURL": "https://github.com/sendbird/sendbird-starscream",
        "state": {
          "branch": "2b08226",
          "revision": "2b08226151abfbaea30fd2431c25d047e181c0cb",
          "version": null
        }
      },
      {
        "package": "swift-nio-zlib-support",
        "repositoryURL": "https://github.com/apple/swift-nio-zlib-support.git",
        "state": {
          "branch": null,
          "revision": "37760e9a52030bb9011972c5213c3350fa9d41fd",
          "version": "1.0.0"
        }
      }
    ]
  },
  "version": 1
}
